// !$*UTF8*$!
{
	archiveVersion = 1;
	classes = {
	};
	objectVersion = 48;
	objects = {

/* Begin PBXBuildFile section */
		400220A420641180004295F7 /* include-xmm.h in Headers */ = {isa = PBXBuildFile; fileRef = 400220A320641180004295F7 /* include-xmm.h */; };
		401F3F3320691E2F00AFD583 /* libxmm.a in Frameworks */ = {isa = PBXBuildFile; fileRef = 4037CFEA206503AA001D69FF /* libxmm.a */; };
		40F7591320C18F94004AB66F /* xmm-lib.hpp in Headers */ = {isa = PBXBuildFile; fileRef = 40FE495C2064064C00D30DC3 /* xmm-lib.hpp */; };
		40FE495D2064064C00D30DC3 /* xmm-lib.cpp in Sources */ = {isa = PBXBuildFile; fileRef = 40FE495B2064064C00D30DC3 /* xmm-lib.cpp */; };
/* End PBXBuildFile section */

/* Begin PBXFileReference section */
		400220A320641180004295F7 /* include-xmm.h */ = {isa = PBXFileReference; lastKnownFileType = sourcecode.c.h; path = "include-xmm.h"; sourceTree = "<group>"; };
		401F3F3220691D9500AFD583 /* src */ = {isa = PBXFileReference; lastKnownFileType = folder; name = src; path = ../../xmm/src; sourceTree = "<group>"; };
		4037CFEA206503AA001D69FF /* libxmm.a */ = {isa = PBXFileReference; lastKnownFileType = archive.ar; path = libxmm.a; sourceTree = "<group>"; };
		40FE494E2064061600D30DC3 /* lispworks-startup.lisp */ = {isa = PBXFileReference; explicitFileType = "compiled.mach-o.dylib"; includeInIndex = 0; name = "lispworks-startup.lisp"; path = "libxmm-om.dylib"; sourceTree = BUILT_PRODUCTS_DIR; };
		40FE495B2064064C00D30DC3 /* xmm-lib.cpp */ = {isa = PBXFileReference; lastKnownFileType = sourcecode.cpp.cpp; path = "xmm-lib.cpp"; sourceTree = "<group>"; };
		40FE495C2064064C00D30DC3 /* xmm-lib.hpp */ = {isa = PBXFileReference; lastKnownFileType = sourcecode.cpp.h; path = "xmm-lib.hpp"; sourceTree = "<group>"; };
/* End PBXFileReference section */

/* Begin PBXFrameworksBuildPhase section */
		40FE494B2064061600D30DC3 /* Frameworks */ = {
			isa = PBXFrameworksBuildPhase;
			buildActionMask = 2147483647;
			files = (
				401F3F3320691E2F00AFD583 /* libxmm.a in Frameworks */,
			);
			runOnlyForDeploymentPostprocessing = 0;
		};
/* End PBXFrameworksBuildPhase section */

/* Begin PBXGroup section */
		400220A02064113A004295F7 /* XMM */ = {
			isa = PBXGroup;
			children = (
				401F3F3220691D9500AFD583 /* src */,
			);
			name = XMM;
			path = sources;
			sourceTree = "<group>";
		};
		403CDAD82064FA9500D2BA26 /* Frameworks */ = {
			isa = PBXGroup;
			children = (
				4037CFEA206503AA001D69FF /* libxmm.a */,
			);
			name = Frameworks;
			sourceTree = "<group>";
		};
		40FE49452064061600D30DC3 = {
			isa = PBXGroup;
			children = (
				400220A02064113A004295F7 /* XMM */,
				40FE499920640B6400D30DC3 /* sources */,
				40FE494F2064061600D30DC3 /* Products */,
				403CDAD82064FA9500D2BA26 /* Frameworks */,
			);
			sourceTree = "<group>";
		};
		40FE494F2064061600D30DC3 /* Products */ = {
			isa = PBXGroup;
			children = (
				40FE494E2064061600D30DC3 /* lispworks-startup.lisp */,
			);
			name = Products;
			sourceTree = "<group>";
		};
		40FE499920640B6400D30DC3 /* sources */ = {
			isa = PBXGroup;
			children = (
				40FE495B2064064C00D30DC3 /* xmm-lib.cpp */,
				40FE495C2064064C00D30DC3 /* xmm-lib.hpp */,
				400220A320641180004295F7 /* include-xmm.h */,
			);
			path = sources;
			sourceTree = "<group>";
		};
/* End PBXGroup section */

/* Begin PBXHeadersBuildPhase section */
		40FE494C2064061600D30DC3 /* Headers */ = {
			isa = PBXHeadersBuildPhase;
			buildActionMask = 2147483647;
			files = (
				400220A420641180004295F7 /* include-xmm.h in Headers */,
				40F7591320C18F94004AB66F /* xmm-lib.hpp in Headers */,
			);
			runOnlyForDeploymentPostprocessing = 0;
		};
/* End PBXHeadersBuildPhase section */

/* Begin PBXNativeTarget section */
		40FE494D2064061600D30DC3 /* xmm-om */ = {
			isa = PBXNativeTarget;
			buildConfigurationList = 40FE49522064061600D30DC3 /* Build configuration list for PBXNativeTarget "xmm-om" */;
			buildPhases = (
				40FE494A2064061600D30DC3 /* Sources */,
				40FE494B2064061600D30DC3 /* Frameworks */,
				40FE494C2064061600D30DC3 /* Headers */,
			);
			buildRules = (
			);
			dependencies = (
			);
			name = "xmm-om";
			productName = "xmm-om";
			productReference = 40FE494E2064061600D30DC3 /* lispworks-startup.lisp */;
			productType = "com.apple.product-type.library.dynamic";
		};
/* End PBXNativeTarget section */

/* Begin PBXProject section */
		40FE49462064061600D30DC3 /* Project object */ = {
			isa = PBXProject;
			attributes = {
				LastUpgradeCheck = 0920;
				ORGANIZATIONNAME = Ircam;
				TargetAttributes = {
					40FE494D2064061600D30DC3 = {
						CreatedOnToolsVersion = 9.2;
						ProvisioningStyle = Automatic;
					};
				};
			};
			buildConfigurationList = 40FE49492064061600D30DC3 /* Build configuration list for PBXProject "xmm-om" */;
			compatibilityVersion = "Xcode 8.0";
			developmentRegion = en;
			hasScannedForEncodings = 0;
			knownRegions = (
				en,
			);
			mainGroup = 40FE49452064061600D30DC3;
			productRefGroup = 40FE494F2064061600D30DC3 /* Products */;
			projectDirPath = "";
			projectRoot = "";
			targets = (
				40FE494D2064061600D30DC3 /* xmm-om */,
			);
		};
/* End PBXProject section */

/* Begin PBXSourcesBuildPhase section */
		40FE494A2064061600D30DC3 /* Sources */ = {
			isa = PBXSourcesBuildPhase;
			buildActionMask = 2147483647;
			files = (
				40FE495D2064064C00D30DC3 /* xmm-lib.cpp in Sources */,
			);
			runOnlyForDeploymentPostprocessing = 0;
		};
/* End PBXSourcesBuildPhase section */

/* Begin XCBuildConfiguration section */
		40FE49502064061600D30DC3 /* Debug */ = {
			isa = XCBuildConfiguration;
			buildSettings = {
				ALWAYS_SEARCH_USER_PATHS = NO;
				CLANG_ANALYZER_NONNULL = YES;
				CLANG_ANALYZER_NUMBER_OBJECT_CONVERSION = YES_AGGRESSIVE;
				CLANG_CXX_LANGUAGE_STANDARD = "gnu++14";
				CLANG_CXX_LIBRARY = "libc++";
				CLANG_ENABLE_MODULES = YES;
				CLANG_ENABLE_OBJC_ARC = YES;
				CLANG_WARN_BLOCK_CAPTURE_AUTORELEASING = YES;
				CLANG_WARN_BOOL_CONVERSION = YES;
				CLANG_WARN_COMMA = YES;
				CLANG_WARN_CONSTANT_CONVERSION = YES;
				CLANG_WARN_DIRECT_OBJC_ISA_USAGE = YES_ERROR;
				CLANG_WARN_DOCUMENTATION_COMMENTS = YES;
				CLANG_WARN_EMPTY_BODY = YES;
				CLANG_WARN_ENUM_CONVERSION = YES;
				CLANG_WARN_INFINITE_RECURSION = YES;
				CLANG_WARN_INT_CONVERSION = YES;
				CLANG_WARN_NON_LITERAL_NULL_CONVERSION = YES;
				CLANG_WARN_OBJC_LITERAL_CONVERSION = YES;
				CLANG_WARN_OBJC_ROOT_CLASS = YES_ERROR;
				CLANG_WARN_RANGE_LOOP_ANALYSIS = YES;
				CLANG_WARN_STRICT_PROTOTYPES = YES;
				CLANG_WARN_SUSPICIOUS_MOVE = YES;
				CLANG_WARN_UNGUARDED_AVAILABILITY = YES_AGGRESSIVE;
				CLANG_WARN_UNREACHABLE_CODE = YES;
				CLANG_WARN__DUPLICATE_METHOD_MATCH = YES;
				CODE_SIGN_IDENTITY = "-";
				COPY_PHASE_STRIP = NO;
				DEBUG_INFORMATION_FORMAT = dwarf;
				ENABLE_STRICT_OBJC_MSGSEND = YES;
				ENABLE_TESTABILITY = YES;
				GCC_C_LANGUAGE_STANDARD = gnu11;
				GCC_DYNAMIC_NO_PIC = NO;
				GCC_NO_COMMON_BLOCKS = YES;
				GCC_OPTIMIZATION_LEVEL = 0;
				GCC_PREPROCESSOR_DEFINITIONS = (
					"DEBUG=1",
					"$(inherited)",
				);
				GCC_WARN_64_TO_32_BIT_CONVERSION = YES;
				GCC_WARN_ABOUT_RETURN_TYPE = YES_ERROR;
				GCC_WARN_UNDECLARED_SELECTOR = YES;
				GCC_WARN_UNINITIALIZED_AUTOS = YES_AGGRESSIVE;
				GCC_WARN_UNUSED_FUNCTION = YES;
				GCC_WARN_UNUSED_VARIABLE = YES;
				MACOSX_DEPLOYMENT_TARGET = 10.12;
				MTL_ENABLE_DEBUG_INFO = YES;
				ONLY_ACTIVE_ARCH = YES;
				SDKROOT = macosx;
			};
			name = Debug;
		};
		40FE49512064061600D30DC3 /* Release */ = {
			isa = XCBuildConfiguration;
			buildSettings = {
				ALWAYS_SEARCH_USER_PATHS = NO;
				CLANG_ANALYZER_NONNULL = YES;
				CLANG_ANALYZER_NUMBER_OBJECT_CONVERSION = YES_AGGRESSIVE;
				CLANG_CXX_LANGUAGE_STANDARD = "gnu++14";
				CLANG_CXX_LIBRARY = "libc++";
				CLANG_ENABLE_MODULES = YES;
				CLANG_ENABLE_OBJC_ARC = YES;
				CLANG_WARN_BLOCK_CAPTURE_AUTORELEASING = YES;
				CLANG_WARN_BOOL_CONVERSION = YES;
				CLANG_WARN_COMMA = YES;
				CLANG_WARN_CONSTANT_CONVERSION = YES;
				CLANG_WARN_DIRECT_OBJC_ISA_USAGE = YES_ERROR;
				CLANG_WARN_DOCUMENTATION_COMMENTS = YES;
				CLANG_WARN_EMPTY_BODY = YES;
				CLANG_WARN_ENUM_CONVERSION = YES;
				CLANG_WARN_INFINITE_RECURSION = YES;
				CLANG_WARN_INT_CONVERSION = YES;
				CLANG_WARN_NON_LITERAL_NULL_CONVERSION = YES;
				CLANG_WARN_OBJC_LITERAL_CONVERSION = YES;
				CLANG_WARN_OBJC_ROOT_CLASS = YES_ERROR;
				CLANG_WARN_RANGE_LOOP_ANALYSIS = YES;
				CLANG_WARN_STRICT_PROTOTYPES = YES;
				CLANG_WARN_SUSPICIOUS_MOVE = YES;
				CLANG_WARN_UNGUARDED_AVAILABILITY = YES_AGGRESSIVE;
				CLANG_WARN_UNREACHABLE_CODE = YES;
				CLANG_WARN__DUPLICATE_METHOD_MATCH = YES;
				CODE_SIGN_IDENTITY = "-";
				COPY_PHASE_STRIP = NO;
				DEBUG_INFORMATION_FORMAT = "dwarf-with-dsym";
				ENABLE_NS_ASSERTIONS = NO;
				ENABLE_STRICT_OBJC_MSGSEND = YES;
				GCC_C_LANGUAGE_STANDARD = gnu11;
				GCC_NO_COMMON_BLOCKS = YES;
				GCC_WARN_64_TO_32_BIT_CONVERSION = YES;
				GCC_WARN_ABOUT_RETURN_TYPE = YES_ERROR;
				GCC_WARN_UNDECLARED_SELECTOR = YES;
				GCC_WARN_UNINITIALIZED_AUTOS = YES_AGGRESSIVE;
				GCC_WARN_UNUSED_FUNCTION = YES;
				GCC_WARN_UNUSED_VARIABLE = YES;
				MACOSX_DEPLOYMENT_TARGET = 10.12;
				MTL_ENABLE_DEBUG_INFO = NO;
				SDKROOT = macosx;
			};
			name = Release;
		};
		40FE49532064061600D30DC3 /* Debug */ = {
			isa = XCBuildConfiguration;
			buildSettings = {
				CODE_SIGN_STYLE = Automatic;
				DYLIB_COMPATIBILITY_VERSION = 1;
				DYLIB_CURRENT_VERSION = 1;
				EXECUTABLE_PREFIX = lib;
				LIBRARY_SEARCH_PATHS = (
					"$(inherited)",
					"$(PROJECT_DIR)",
				);
				PRODUCT_NAME = "$(TARGET_NAME)";
			};
			name = Debug;
		};
		40FE49542064061600D30DC3 /* Release */ = {
			isa = XCBuildConfiguration;
			buildSettings = {
				CODE_SIGN_STYLE = Automatic;
				DYLIB_COMPATIBILITY_VERSION = 1;
				DYLIB_CURRENT_VERSION = 1;
				EXECUTABLE_PREFIX = lib;
				LIBRARY_SEARCH_PATHS = (
					"$(inherited)",
					"$(PROJECT_DIR)",
				);
				PRODUCT_NAME = "$(TARGET_NAME)";
			};
			name = Release;
		};
/* End XCBuildConfiguration section */

/* Begin XCConfigurationList section */
		40FE49492064061600D30DC3 /* Build configuration list for PBXProject "xmm-om" */ = {
			isa = XCConfigurationList;
			buildConfigurations = (
				40FE49502064061600D30DC3 /* Debug */,
				40FE49512064061600D30DC3 /* Release */,
			);
			defaultConfigurationIsVisible = 0;
			defaultConfigurationName = Release;
		};
		40FE49522064061600D30DC3 /* Build configuration list for PBXNativeTarget "xmm-om" */ = {
			isa = XCConfigurationList;
			buildConfigurations = (
				40FE49532064061600D30DC3 /* Debug */,
				40FE49542064061600D30DC3 /* Release */,
			);
			defaultConfigurationIsVisible = 0;
			defaultConfigurationName = Release;
		};
/* End XCConfigurationList section */
	};
	rootObject = 40FE49462064061600D30DC3 /* Project object */;
}
